{
  "originHash" : "ccae6f759381eab1511c85647df542faf0de6760778ddd0c7cb00b28a6a08c63",
  "pins" : [
    {
      "identity" : "warp",
      "kind" : "remoteSourceControl",
      "location" : "https://github.com/DevAtrii/Warp.git",
      "state" : {
        "revision" : "36668c16a995607b6892e214fe5ce62edef870a7",
        "version" : "0.1.8"
      }
    }
  ],
  "version" : 3
}
